# Generated from a clean pip report; Windows x64 CPython 3.14.
beautifulsoup4==4.14.2 --hash=sha256:5ef6fa3a8cbece8488d66985560f97ed091e22bbc4e9c2338508a9d5de6d4515
build==1.6.1 --hash=sha256:ecd351a4be9d35a9eaaba244a7687143c9c7d4aea6ac964e7e7ddab20cbcf4e7
certifi==2026.7.22 --hash=sha256:62f22742b58a1a33014a2b6b706588a8d7e2a88ae7bd1a6ebe8c992928483775
cffi==2.1.1 --hash=sha256:3222ba5d678f80a030e6afbcc33dc1ae5cb45facabb61cee2c7016b8432fde48
charset-normalizer==3.5.2 --hash=sha256:e4e81e09c1578b8df602e3db08b0b3ea0a6947ad612f52bf8dc5ea8d47691f0c
colorama==0.4.6 --hash=sha256:4f1d9991f5acc0ca119f9d443620b77f9d6b33703e51011c16baf57afb285fc6
cryptography==50.0.2 --hash=sha256:7afa5a6602a9f29af1f3a2965f831bae7c9d5d597b7cbb716d41ab3b7d89879c
et-xmlfile==2.0.0 --hash=sha256:7a91720bc756843502c3b7504c77b8fe44217c85c537d85037f0f536151b2caa
google-api-core==2.30.3 --hash=sha256:a85761ba72c444dad5d611c2220633480b2b6be2521eca69cca2dbb3ffd6bfe8
google-api-python-client==2.201.0 --hash=sha256:2d9bf1ba3f12eee8ed3d0f1791ce0605d163432f496baa72d3677faa2cf097d6
google-auth==2.59.1 --hash=sha256:89c3f931683a482ac97e61df7eb9da5e08a91703f3c752b2377d72cfb7d69e6a
google-auth-httplib2==0.4.4 --hash=sha256:bbe5d7b2401bb3a4017f4720e1e91bd273ab9a2bb60b84e65edbc0de127852da
google-auth-oauthlib==1.5.0 --hash=sha256:71625fdea21c6c03217eb9ff13741c3096e6d257ebca0ad084dbd6e9f4aa4ef4
googleapis-common-protos==1.75.5 --hash=sha256:d7285525c23039db98f2463e6d5a4f9b958b94d497f03a844ece3259c4e72d5d
html5lib==1.1 --hash=sha256:0d78f8fde1c230e99fe37986a60526d7049ed4bf8a9fadbad5f00e22e58e041d
httplib2==0.32.0 --hash=sha256:dc6705cacdf3fb0a2aba7629fa33c90fd93e30035db0c157325826be177e4816
idna==3.20 --hash=sha256:ab7ae7122974553370f0bdb919e1a960b2cd1bc1ef0276416d896db81c14582c
iniconfig==2.3.0 --hash=sha256:f631c04d2c48c52b84d0d0549c99ff3859c98df65b3101406327ecc7d53fbf12
lxml==6.0.2 --hash=sha256:fa25afbadead523f7001caf0c2382afd272c315a033a7b06336da2637d92d6ed
numpy==2.3.4 --hash=sha256:3da3491cee49cf16157e70f607c03a217ea6647b1cea4819c4f48e53d49139b9
oauthlib==4.0.0 --hash=sha256:624c28c13a0a59cabf9747dfa52af63be3e512a7f2714df16e91b5b3a145e6cd
openpyxl==3.1.5 --hash=sha256:5282c12b107bffeef825f4617dc029afaf41d0ea60823bbb665ef3079dc79de2
packaging==26.3 --hash=sha256:d7193f7c8e4e93f444fde0262bf90af30e16fa0ad0ad44cb553c87339b23cd1c
pandas==2.3.3 --hash=sha256:1b07204a219b3b7350abaae088f451860223a52cfb8a6c53358e7948735158e5
pluggy==1.6.0 --hash=sha256:e920276dd6813095e9377c0bc5566d94c932c33b27a3e3945d8389c374dd4746
proto-plus==1.29.0 --hash=sha256:8acd070469a7aaf43f440b022ef9757c8cac1a9f866e933f59ae98669ddc6c8b
protobuf==7.36.2 --hash=sha256:a300819d441e078a5608c0d3c709796bb548136058fda017ae51d425b44fd353
pyasn1==0.6.4 --hash=sha256:deda9277cfd454080ec40b207fb6df82206a3a2688735233cdcd8d3d565f088b
pyasn1-modules==0.4.2 --hash=sha256:29253a9207ce32b64c3ac6600edc75368f98473906e8fd1043bd6b5b1de2c14a
pycparser==3.0 --hash=sha256:b727414169a36b7d524c1c3e31839a521725078d7b2ff038656844266160a992
pygments==2.21.0 --hash=sha256:2363c69b61c4a97c838da3b130dcd6468f4848992b21a82f2a63ec34377137d9
pygsheets==2.0.6 --hash=sha256:3338c2eb8990fdee9f463b42a370ec0870c118d607d775471a6dfb8b08f6cd87
pyparsing==3.3.3 --hash=sha256:ece8c00a69cf01b45d0b1dedabb469c90d8caf996d4fda40f147627a122849a4
pyproject-hooks==1.3.3 --hash=sha256:5fc53fdac9f7bd63fbcdc868fb5f90b4784d78a53a3d3388cd738b807441a20b
pytest==8.4.2 --hash=sha256:872f880de3fc3a5bdc88a11b39c9710c3497a547cfa9320bc3c5e62fbf272e79
python-dateutil==2.9.0.post0 --hash=sha256:a8b2bc7bffae282281c8140a97d3aa9c14da0b136dfe83f850eea9a5f7470427
pytz==2026.5 --hash=sha256:e658af3757f9e26a9d25dd2aff38335acd92bc9104f890a894b2c1ba28311b03
requests==2.32.5 --hash=sha256:2462f94637a34fd532264295e186976db0f5d453d1cdd31473c85a6a161affb6
requests-oauthlib==2.0.0 --hash=sha256:7dd8a5c40426b779b0868c404bdef9768deccf22749cde15852df527e6269b36
six==1.17.0 --hash=sha256:4721f391ed90541fddacab5acf947aa0d3dc7d27b2e1e8eda2be8970586c3274
soupsieve==2.10 --hash=sha256:8596eb8967d744174820280fa62b4542a2e955bfaccca73ed8a13c6eb8e9b502
ta-lib==0.6.8 --hash=sha256:1fb4028437201e19014e4e374272b739867c8a3eb655da46675ef4c2ff14b616
typing-extensions==4.16.0 --hash=sha256:481caa481374e813c1b176ada14e97f1f67a4539ce9cfeb3f350d78d6370c2e8
tzdata==2026.5 --hash=sha256:b683bd1b6659ddcd810ff02ad09ba821d4bf1065072805063eb35c49617905ac
uritemplate==4.2.0 --hash=sha256:962201ba1c4edcab02e60f9a0d3821e82dfc5d2d6662a21abd533879bdb8a686
urllib3==2.8.0 --hash=sha256:0cf3cae568d36aa9576b28dfb35f11328f1cb974ca7647d9475ebb86c75ac6e3
webencodings==0.6.1 --hash=sha256:7fab6269c8bf237c657876b52058ccb182e861518d1c695c1a9aaa8c1c105d5b
